// !$*UTF8*$!
{
	archiveVersion = 1;
	classes = {
	};
	objectVersion = 55;
	objects = {

/* Begin PBXBuildFile section */
		145693C328B2F1FA00C5EB87 /* AppDelegate.swift in Sources */ = {isa = PBXBuildFile; fileRef = 145693C228B2F1FA00C5EB87 /* AppDelegate.swift */; };
		145693C528B2F1FA00C5EB87 /* SceneDelegate.swift in Sources */ = {isa = PBXBuildFile; fileRef = 145693C428B2F1FA00C5EB87 /* SceneDelegate.swift */; };
		145693C728B2F1FA00C5EB87 /* ViewController.swift in Sources */ = {isa = PBXBuildFile; fileRef = 145693C628B2F1FA00C5EB87 /* ViewController.swift */; };
		145693CA28B2F1FA00C5EB87 /* Main.storyboard in Resources */ = {isa = PBXBuildFile; fileRef = 145693C828B2F1FA00C5EB87 /* Main.storyboard */; };
		145693CC28B2F1FA00C5EB87 /* Assets.xcassets in Resources */ = {isa = PBXBuildFile; fileRef = 145693CB28B2F1FA00C5EB87 /* Assets.xcassets */; };
		145693CF28B2F1FA00C5EB87 /* LaunchScreen.storyboard in Resources */ = {isa = PBXBuildFile; fileRef = 145693CD28B2F1FA00C5EB87 /* LaunchScreen.storyboard */; };
		147AD33228B3510700A2C7A8 /* ViewController_2.swift in Sources */ = {isa = PBXBuildFile; fileRef = 147AD33128B3510700A2C7A8 /* ViewController_2.swift */; };
/* End PBXBuildFile section */

/* Begin PBXFileReference section */
		145693BF28B2F1FA00C5EB87 /* TableView_Asignment.app */ = {isa = PBXFileReference; explicitFileType = wrapper.application; includeInIndex = 0; path = TableView_Asignment.app; sourceTree = BUILT_PRODUCTS_DIR; };
		145693C228B2F1FA00C5EB87 /* AppDelegate.swift */ = {isa = PBXFileReference; lastKnownFileType = sourcecode.swift; path = AppDelegate.swift; sourceTree = "<group>"; };
		145693C428B2F1FA00C5EB87 /* SceneDelegate.swift */ = {isa = PBXFileReference; lastKnownFileType = sourcecode.swift; path = SceneDelegate.swift; sourceTree = "<group>"; };
		145693C628B2F1FA00C5EB87 /* ViewController.swift */ = {isa = PBXFileReference; lastKnownFileType = sourcecode.swift; path = ViewController.swift; sourceTree = "<group>"; };
		145693C928B2F1FA00C5EB87 /* Base */ = {isa = PBXFileReference; lastKnownFileType = file.storyboard; name = Base; path = Base.lproj/Main.storyboard; sourceTree = "<group>"; };
		145693CB28B2F1FA00C5EB87 /* Assets.xcassets */ = {isa = PBXFileReference; lastKnownFileType = folder.assetcatalog; path = Assets.xcassets; sourceTree = "<group>"; };
		145693CE28B2F1FA00C5EB87 /* Base */ = {isa = PBXFileReference; lastKnownFileType = file.storyboard; name = Base; path = Base.lproj/LaunchScreen.storyboard; sourceTree = "<group>"; };
		145693D028B2F1FA00C5EB87 /* Info.plist */ = {isa = PBXFileReference; lastKnownFileType = text.plist.xml; path = Info.plist; sourceTree = "<group>"; };
		147AD33128B3510700A2C7A8 /* ViewController_2.swift */ = {isa = PBXFileReference; lastKnownFileType = sourcecode.swift; path = ViewController_2.swift; sourceTree = "<group>"; };
/* End PBXFileReference section */

/* Begin PBXFrameworksBuildPhase section */
		145693BC28B2F1FA00C5EB87 /* Frameworks */ = {
			isa = PBXFrameworksBuildPhase;
			buildActionMask = 2147483647;
			files = (
			);
			runOnlyForDeploymentPostprocessing = 0;
		};
/* End PBXFrameworksBuildPhase section */

/* Begin PBXGroup section */
		145693B628B2F1F900C5EB87 = {
			isa = PBXGroup;
			children = (
				147AD33128B3510700A2C7A8 /* ViewController_2.swift */,
				145693C128B2F1FA00C5EB87 /* TableView_Asignment */,
				145693C028B2F1FA00C5EB87 /* Products */,
			);
			sourceTree = "<group>";
		};
		145693C028B2F1FA00C5EB87 /* Products */ = {
			isa = PBXGroup;
			children = (
				145693BF28B2F1FA00C5EB87 /* TableView_Asignment.app */,
			);
			name = Products;
			sourceTree = "<group>";
		};
		145693C128B2F1FA00C5EB87 /* TableView_Asignment */ = {
			isa = PBXGroup;
			children = (
				145693C228B2F1FA00C5EB87 /* AppDelegate.swift */,
				145693C428B2F1FA00C5EB87 /* SceneDelegate.swift */,
				145693C628B2F1FA00C5EB87 /* ViewController.swift */,
				145693C828B2F1FA00C5EB87 /* Main.storyboard */,
				145693CB28B2F1FA00C5EB87 /* Assets.xcassets */,
				145693CD28B2F1FA00C5EB87 /* LaunchScreen.storyboard */,
				145693D028B2F1FA00C5EB87 /* Info.plist */,
			);
			path = TableView_Asignment;
			sourceTree = "<group>";
		};
/* End PBXGroup section */

/* Begin PBXNativeTarget section */
		145693BE28B2F1FA00C5EB87 /* TableView_Asignment */ = {
			isa = PBXNativeTarget;
			buildConfigurationList = 145693D328B2F1FA00C5EB87 /* Build configuration list for PBXNativeTarget "TableView_Asignment" */;
			buildPhases = (
				145693BB28B2F1FA00C5EB87 /* Sources */,
				145693BC28B2F1FA00C5EB87 /* Frameworks */,
				145693BD28B2F1FA00C5EB87 /* Resources */,
			);
			buildRules = (
			);
			dependencies = (
			);
			name = TableView_Asignment;
			productName = TableView_Asignment;
			productReference = 145693BF28B2F1FA00C5EB87 /* TableView_Asignment.app */;
			productType = "com.apple.product-type.application";
		};
/* End PBXNativeTarget section */

/* Begin PBXProject section */
		145693B728B2F1F900C5EB87 /* Project object */ = {
			isa = PBXProject;
			attributes = {
				BuildIndependentTargetsInParallel = 1;
				LastSwiftUpdateCheck = 1340;
				LastUpgradeCheck = 1340;
				TargetAttributes = {
					145693BE28B2F1FA00C5EB87 = {
						CreatedOnToolsVersion = 13.4.1;
					};
				};
			};
			buildConfigurationList = 145693BA28B2F1F900C5EB87 /* Build configuration list for PBXProject "TableView_Asignment" */;
			compatibilityVersion = "Xcode 13.0";
			developmentRegion = en;
			hasScannedForEncodings = 0;
			knownRegions = (
				en,
				Base,
			);
			mainGroup = 145693B628B2F1F900C5EB87;
			productRefGroup = 145693C028B2F1FA00C5EB87 /* Products */;
			projectDirPath = "";
			projectRoot = "";
			targets = (
				145693BE28B2F1FA00C5EB87 /* TableView_Asignment */,
			);
		};
/* End PBXProject section */

/* Begin PBXResourcesBuildPhase section */
		145693BD28B2F1FA00C5EB87 /* Resources */ = {
			isa = PBXResourcesBuildPhase;
			buildActionMask = 2147483647;
			files = (
				145693CF28B2F1FA00C5EB87 /* LaunchScreen.storyboard in Resources */,
				145693CC28B2F1FA00C5EB87 /* Assets.xcassets in Resources */,
				145693CA28B2F1FA00C5EB87 /* Main.storyboard in Resources */,
			);
			runOnlyForDeploymentPostprocessing = 0;
		};
/* End PBXResourcesBuildPhase section */

/* Begin PBXSourcesBuildPhase section */
		145693BB28B2F1FA00C5EB87 /* Sources */ = {
			isa = PBXSourcesBuildPhase;
			buildActionMask = 2147483647;
			files = (
				145693C728B2F1FA00C5EB87 /* ViewController.swift in Sources */,
				147AD33228B3510700A2C7A8 /* ViewController_2.swift in Sources */,
				145693C328B2F1FA00C5EB87 /* AppDelegate.swift in Sources */,
				145693C528B2F1FA00C5EB87 /* SceneDelegate.swift in Sources */,
			);
			runOnlyForDeploymentPostprocessing = 0;
		};
/* End PBXSourcesBuildPhase section */

/* Begin PBXVariantGroup section */
		145693C828B2F1FA00C5EB87 /* Main.storyboard */ = {
			isa = PBXVariantGroup;
			children = (
				145693C928B2F1FA00C5EB87 /* Base */,
			);
			name = Main.storyboard;
			sourceTree = "<group>";
		};
		145693CD28B2F1FA00C5EB87 /* LaunchScreen.storyboard */ = {
			isa = PBXVariantGroup;
			children = (
				145693CE28B2F1FA00C5EB87 /* Base */,
			);
			name = LaunchScreen.storyboard;
			sourceTree = "<group>";
		};
/* End PBXVariantGroup section */

/* Begin XCBuildConfiguration section */
		145693D128B2F1FA00C5EB87 /* Debug */ = {
			isa = XCBuildConfiguration;
			buildSettings = {
				ALWAYS_SEARCH_USER_PATHS = NO;
				CLANG_ANALYZER_NONNULL = YES;
				CLANG_ANALYZER_NUMBER_OBJECT_CONVERSION = YES_AGGRESSIVE;
				CLANG_CXX_LANGUAGE_STANDARD = "gnu++17";
				CLANG_ENABLE_MODULES = YES;
				CLANG_ENABLE_OBJC_ARC = YES;
				CLANG_ENABLE_OBJC_WEAK = YES;
				CLANG_WARN_BLOCK_CAPTURE_AUTORELEASING = YES;
				CLANG_WARN_BOOL_CONVERSION = YES;
				CLANG_WARN_COMMA = YES;
				CLANG_WARN_CONSTANT_CONVERSION = YES;
				CLANG_WARN_DEPRECATED_OBJC_IMPLEMENTATIONS = YES;
				CLANG_WARN_DIRECT_OBJC_ISA_USAGE = YES_ERROR;
				CLANG_WARN_DOCUMENTATION_COMMENTS = YES;
				CLANG_WARN_EMPTY_BODY = YES;
				CLANG_WARN_ENUM_CONVERSION = YES;
				CLANG_WARN_INFINITE_RECURSION = YES;
				CLANG_WARN_INT_CONVERSION = YES;
				CLANG_WARN_NON_LITERAL_NULL_CONVERSION = YES;
				CLANG_WARN_OBJC_IMPLICIT_RETAIN_SELF = YES;
				CLANG_WARN_OBJC_LITERAL_CONVERSION = YES;
				CLANG_WARN_OBJC_ROOT_CLASS = YES_ERROR;
				CLANG_WARN_QUOTED_INCLUDE_IN_FRAMEWORK_HEADER = YES;
				CLANG_WARN_RANGE_LOOP_ANALYSIS = YES;
				CLANG_WARN_STRICT_PROTOTYPES = YES;
				CLANG_WARN_SUSPICIOUS_MOVE = YES;
				CLANG_WARN_UNGUARDED_AVAILABILITY = YES_AGGRESSIVE;
				CLANG_WARN_UNREACHABLE_CODE = YES;
				CLANG_WARN__DUPLICATE_METHOD_MATCH = YES;
				COPY_PHASE_STRIP = NO;
				DEBUG_INFORMATION_FORMAT = dwarf;
				ENABLE_STRICT_OBJC_MSGSEND = YES;
				ENABLE_TESTABILITY = YES;
				GCC_C_LANGUAGE_STANDARD = gnu11;
				GCC_DYNAMIC_NO_PIC = NO;
				GCC_NO_COMMON_BLOCKS = YES;
				GCC_OPTIMIZATION_LEVEL = 0;
				GCC_PREPROCESSOR_DEFINITIONS = (
					"DEBUG=1",
					"$(inherited)",
				);
				GCC_WARN_64_TO_32_BIT_CONVERSION = YES;
				GCC_WARN_ABOUT_RETURN_TYPE = YES_ERROR;
				GCC_WARN_UNDECLARED_SELECTOR = YES;
				GCC_WARN_UNINITIALIZED_AUTOS = YES_AGGRESSIVE;
				GCC_WARN_UNUSED_FUNCTION = YES;
				GCC_WARN_UNUSED_VARIABLE = YES;
				IPHONEOS_DEPLOYMENT_TARGET = 15.5;
				MTL_ENABLE_DEBUG_INFO = INCLUDE_SOURCE;
				MTL_FAST_MATH = YES;
				ONLY_ACTIVE_ARCH = YES;
				SDKROOT = iphoneos;
				SWIFT_ACTIVE_COMPILATION_CONDITIONS = DEBUG;
				SWIFT_OPTIMIZATION_LEVEL = "-Onone";
			};
			name = Debug;
		};
		145693D228B2F1FA00C5EB87 /* Release */ = {
			isa = XCBuildConfiguration;
			buildSettings = {
				ALWAYS_SEARCH_USER_PATHS = NO;
				CLANG_ANALYZER_NONNULL = YES;
				CLANG_ANALYZER_NUMBER_OBJECT_CONVERSION = YES_AGGRESSIVE;
				CLANG_CXX_LANGUAGE_STANDARD = "gnu++17";
				CLANG_ENABLE_MODULES = YES;
				CLANG_ENABLE_OBJC_ARC = YES;
				CLANG_ENABLE_OBJC_WEAK = YES;
				CLANG_WARN_BLOCK_CAPTURE_AUTORELEASING = YES;
				CLANG_WARN_BOOL_CONVERSION = YES;
				CLANG_WARN_COMMA = YES;
				CLANG_WARN_CONSTANT_CONVERSION = YES;
				CLANG_WARN_DEPRECATED_OBJC_IMPLEMENTATIONS = YES;
				CLANG_WARN_DIRECT_OBJC_ISA_USAGE = YES_ERROR;
				CLANG_WARN_DOCUMENTATION_COMMENTS = YES;
				CLANG_WARN_EMPTY_BODY = YES;
				CLANG_WARN_ENUM_CONVERSION = YES;
				CLANG_WARN_INFINITE_RECURSION = YES;
				CLANG_WARN_INT_CONVERSION = YES;
				CLANG_WARN_NON_LITERAL_NULL_CONVERSION = YES;
				CLANG_WARN_OBJC_IMPLICIT_RETAIN_SELF = YES;
				CLANG_WARN_OBJC_LITERAL_CONVERSION = YES;
				CLANG_WARN_OBJC_ROOT_CLASS = YES_ERROR;
				CLANG_WARN_QUOTED_INCLUDE_IN_FRAMEWORK_HEADER = YES;
				CLANG_WARN_RANGE_LOOP_ANALYSIS = YES;
				CLANG_WARN_STRICT_PROTOTYPES = YES;
				CLANG_WARN_SUSPICIOUS_MOVE = YES;
				CLANG_WARN_UNGUARDED_AVAILABILITY = YES_AGGRESSIVE;
				CLANG_WARN_UNREACHABLE_CODE = YES;
				CLANG_WARN__DUPLICATE_METHOD_MATCH = YES;
				COPY_PHASE_STRIP = NO;
				DEBUG_INFORMATION_FORMAT = "dwarf-with-dsym";
				ENABLE_NS_ASSERTIONS = NO;
				ENABLE_STRICT_OBJC_MSGSEND = YES;
				GCC_C_LANGUAGE_STANDARD = gnu11;
				GCC_NO_COMMON_BLOCKS = YES;
				GCC_WARN_64_TO_32_BIT_CONVERSION = YES;
				GCC_WARN_ABOUT_RETURN_TYPE = YES_ERROR;
				GCC_WARN_UNDECLARED_SELECTOR = YES;
				GCC_WARN_UNINITIALIZED_AUTOS = YES_AGGRESSIVE;
				GCC_WARN_UNUSED_FUNCTION = YES;
				GCC_WARN_UNUSED_VARIABLE = YES;
				IPHONEOS_DEPLOYMENT_TARGET = 15.5;
				MTL_ENABLE_DEBUG_INFO = NO;
				MTL_FAST_MATH = YES;
				SDKROOT = iphoneos;
				SWIFT_COMPILATION_MODE = wholemodule;
				SWIFT_OPTIMIZATION_LEVEL = "-O";
				VALIDATE_PRODUCT = YES;
			};
			name = Release;
		};
		145693D428B2F1FA00C5EB87 /* Debug */ = {
			isa = XCBuildConfiguration;
			buildSettings = {
				ASSETCATALOG_COMPILER_APPICON_NAME = AppIcon;
				ASSETCATALOG_COMPILER_GLOBAL_ACCENT_COLOR_NAME = AccentColor;
				CODE_SIGN_STYLE = Automatic;
				CURRENT_PROJECT_VERSION = 1;
				DEVELOPMENT_TEAM = 5UF95L5T59;
				GENERATE_INFOPLIST_FILE = YES;
				INFOPLIST_FILE = TableView_Asignment/Info.plist;
				INFOPLIST_KEY_UIApplicationSupportsIndirectInputEvents = YES;
				INFOPLIST_KEY_UILaunchStoryboardName = LaunchScreen;
				INFOPLIST_KEY_UIMainStoryboardFile = Main;
				INFOPLIST_KEY_UISupportedInterfaceOrientations_iPad = "UIInterfaceOrientationPortrait UIInterfaceOrientationPortraitUpsideDown UIInterfaceOrientationLandscapeLeft UIInterfaceOrientationLandscapeRight";
				INFOPLIST_KEY_UISupportedInterfaceOrientations_iPhone = "UIInterfaceOrientationPortrait UIInterfaceOrientationLandscapeLeft UIInterfaceOrientationLandscapeRight";
				LD_RUNPATH_SEARCH_PATHS = (
					"$(inherited)",
					"@executable_path/Frameworks",
				);
				MARKETING_VERSION = 1.0;
				PRODUCT_BUNDLE_IDENTIFIER = "twaq.TableView-Asignment";
				PRODUCT_NAME = "$(TARGET_NAME)";
				SWIFT_EMIT_LOC_STRINGS = YES;
				SWIFT_VERSION = 5.0;
				TARGETED_DEVICE_FAMILY = "1,2";
			};
			name = Debug;
		};
		145693D528B2F1FA00C5EB87 /* Release */ = {
			isa = XCBuildConfiguration;
			buildSettings = {
				ASSETCATALOG_COMPILER_APPICON_NAME = AppIcon;
				ASSETCATALOG_COMPILER_GLOBAL_ACCENT_COLOR_NAME = AccentColor;
				CODE_SIGN_STYLE = Automatic;
				CURRENT_PROJECT_VERSION = 1;
				DEVELOPMENT_TEAM = 5UF95L5T59;
				GENERATE_INFOPLIST_FILE = YES;
				INFOPLIST_FILE = TableView_Asignment/Info.plist;
				INFOPLIST_KEY_UIApplicationSupportsIndirectInputEvents = YES;
				INFOPLIST_KEY_UILaunchStoryboardName = LaunchScreen;
				INFOPLIST_KEY_UIMainStoryboardFile = Main;
				INFOPLIST_KEY_UISupportedInterfaceOrientations_iPad = "UIInterfaceOrientationPortrait UIInterfaceOrientationPortraitUpsideDown UIInterfaceOrientationLandscapeLeft UIInterfaceOrientationLandscapeRight";
				INFOPLIST_KEY_UISupportedInterfaceOrientations_iPhone = "UIInterfaceOrientationPortrait UIInterfaceOrientationLandscapeLeft UIInterfaceOrientationLandscapeRight";
				LD_RUNPATH_SEARCH_PATHS = (
					"$(inherited)",
					"@executable_path/Frameworks",
				);
				MARKETING_VERSION = 1.0;
				PRODUCT_BUNDLE_IDENTIFIER = "twaq.TableView-Asignment";
				PRODUCT_NAME = "$(TARGET_NAME)";
				SWIFT_EMIT_LOC_STRINGS = YES;
				SWIFT_VERSION = 5.0;
				TARGETED_DEVICE_FAMILY = "1,2";
			};
			name = Release;
		};
/* End XCBuildConfiguration section */

/* Begin XCConfigurationList section */
		145693BA28B2F1F900C5EB87 /* Build configuration list for PBXProject "TableView_Asignment" */ = {
			isa = XCConfigurationList;
			buildConfigurations = (
				145693D128B2F1FA00C5EB87 /* Debug */,
				145693D228B2F1FA00C5EB87 /* Release */,
			);
			defaultConfigurationIsVisible = 0;
			defaultConfigurationName = Release;
		};
		145693D328B2F1FA00C5EB87 /* Build configuration list for PBXNativeTarget "TableView_Asignment" */ = {
			isa = XCConfigurationList;
			buildConfigurations = (
				145693D428B2F1FA00C5EB87 /* Debug */,
				145693D528B2F1FA00C5EB87 /* Release */,
			);
			defaultConfigurationIsVisible = 0;
			defaultConfigurationName = Release;
		};
/* End XCConfigurationList section */
	};
	rootObject = 145693B728B2F1F900C5EB87 /* Project object */;
}
